// !$*UTF8*$!
{
	archiveVersion = 1;
	classes = {
	};
	objectVersion = 46;
	objects = {

/* Begin PBXBuildFile section */
		3B4B80581C4645080047D6A7 /* AppDelegate.swift in Sources */ = {isa = PBXBuildFile; fileRef = 3B4B80571C4645080047D6A7 /* AppDelegate.swift */; };
		3B4B805A1C4645080047D6A7 /* ViewController.swift in Sources */ = {isa = PBXBuildFile; fileRef = 3B4B80591C4645080047D6A7 /* ViewController.swift */; };
		3B4B805D1C4645080047D6A7 /* Main.storyboard in Resources */ = {isa = PBXBuildFile; fileRef = 3B4B805B1C4645080047D6A7 /* Main.storyboard */; };
		3B4B805F1C4645080047D6A7 /* Assets.xcassets in Resources */ = {isa = PBXBuildFile; fileRef = 3B4B805E1C4645080047D6A7 /* Assets.xcassets */; };
		3B4B80621C4645080047D6A7 /* LaunchScreen.storyboard in Resources */ = {isa = PBXBuildFile; fileRef = 3B4B80601C4645080047D6A7 /* LaunchScreen.storyboard */; };
		3B4B807C1C46458A0047D6A7 /* Info.plist in Resources */ = {isa = PBXBuildFile; fileRef = 3B4B806C1C46458A0047D6A7 /* Info.plist */; };
		3B4B807D1C46458A0047D6A7 /* JSONConvertible.swift in Sources */ = {isa = PBXBuildFile; fileRef = 3B4B806D1C46458A0047D6A7 /* JSONConvertible.swift */; };
		3B4B807E1C46458A0047D6A7 /* JSONDeserialization.swift in Sources */ = {isa = PBXBuildFile; fileRef = 3B4B806E1C46458A0047D6A7 /* JSONDeserialization.swift */; };
		3B4B807F1C46458A0047D6A7 /* JSONSerializable.swift in Sources */ = {isa = PBXBuildFile; fileRef = 3B4B806F1C46458A0047D6A7 /* JSONSerializable.swift */; };
		3B4B80801C46458A0047D6A7 /* JSONSerialization.swift in Sources */ = {isa = PBXBuildFile; fileRef = 3B4B80701C46458A0047D6A7 /* JSONSerialization.swift */; };
		3B4B80811C46458A0047D6A7 /* JSONType.swift in Sources */ = {isa = PBXBuildFile; fileRef = 3B4B80711C46458A0047D6A7 /* JSONType.swift */; };
		3B4B80821C46458A0047D6A7 /* CaesarParser.podspec.json in Resources */ = {isa = PBXBuildFile; fileRef = 3B4B80721C46458A0047D6A7 /* CaesarParser.podspec.json */; };
		3B4B80861C46458A0047D6A7 /* LICENSE in Resources */ = {isa = PBXBuildFile; fileRef = 3B4B807A1C46458A0047D6A7 /* LICENSE */; };
		3B4B80871C46458A0047D6A7 /* README.md in Sources */ = {isa = PBXBuildFile; fileRef = 3B4B807B1C46458A0047D6A7 /* README.md */; };
/* End PBXBuildFile section */

/* Begin PBXContainerItemProxy section */
		3B4B808A1C46458A0047D6A7 /* PBXContainerItemProxy */ = {
			isa = PBXContainerItemProxy;
			containerPortal = 3B4B80731C46458A0047D6A7 /* CaesarParser.xcodeproj */;
			proxyType = 2;
			remoteGlobalIDString = BF7E51D31C3D509F00823F20;
			remoteInfo = CaesarParser;
		};
		3B4B808C1C46458A0047D6A7 /* PBXContainerItemProxy */ = {
			isa = PBXContainerItemProxy;
			containerPortal = 3B4B80731C46458A0047D6A7 /* CaesarParser.xcodeproj */;
			proxyType = 2;
			remoteGlobalIDString = BF7E51DD1C3D509F00823F20;
			remoteInfo = CaesarParserTests;
		};
/* End PBXContainerItemProxy section */

/* Begin PBXFileReference section */
		3B4B80541C4645080047D6A7 /* ReadCaesarParseRecord.app */ = {isa = PBXFileReference; explicitFileType = wrapper.application; includeInIndex = 0; path = ReadCaesarParseRecord.app; sourceTree = BUILT_PRODUCTS_DIR; };
		3B4B80571C4645080047D6A7 /* AppDelegate.swift */ = {isa = PBXFileReference; lastKnownFileType = sourcecode.swift; path = AppDelegate.swift; sourceTree = "<group>"; };
		3B4B80591C4645080047D6A7 /* ViewController.swift */ = {isa = PBXFileReference; lastKnownFileType = sourcecode.swift; path = ViewController.swift; sourceTree = "<group>"; };
		3B4B805C1C4645080047D6A7 /* Base */ = {isa = PBXFileReference; lastKnownFileType = file.storyboard; name = Base; path = Base.lproj/Main.storyboard; sourceTree = "<group>"; };
		3B4B805E1C4645080047D6A7 /* Assets.xcassets */ = {isa = PBXFileReference; lastKnownFileType = folder.assetcatalog; path = Assets.xcassets; sourceTree = "<group>"; };
		3B4B80611C4645080047D6A7 /* Base */ = {isa = PBXFileReference; lastKnownFileType = file.storyboard; name = Base; path = Base.lproj/LaunchScreen.storyboard; sourceTree = "<group>"; };
		3B4B80631C4645080047D6A7 /* Info.plist */ = {isa = PBXFileReference; lastKnownFileType = text.plist.xml; path = Info.plist; sourceTree = "<group>"; };
		3B4B806B1C46458A0047D6A7 /* CaesarParser.h */ = {isa = PBXFileReference; fileEncoding = 4; lastKnownFileType = sourcecode.c.h; path = CaesarParser.h; sourceTree = "<group>"; };
		3B4B806C1C46458A0047D6A7 /* Info.plist */ = {isa = PBXFileReference; fileEncoding = 4; lastKnownFileType = text.plist.xml; path = Info.plist; sourceTree = "<group>"; };
		3B4B806D1C46458A0047D6A7 /* JSONConvertible.swift */ = {isa = PBXFileReference; fileEncoding = 4; lastKnownFileType = sourcecode.swift; path = JSONConvertible.swift; sourceTree = "<group>"; };
		3B4B806E1C46458A0047D6A7 /* JSONDeserialization.swift */ = {isa = PBXFileReference; fileEncoding = 4; lastKnownFileType = sourcecode.swift; path = JSONDeserialization.swift; sourceTree = "<group>"; };
		3B4B806F1C46458A0047D6A7 /* JSONSerializable.swift */ = {isa = PBXFileReference; fileEncoding = 4; lastKnownFileType = sourcecode.swift; path = JSONSerializable.swift; sourceTree = "<group>"; };
		3B4B80701C46458A0047D6A7 /* JSONSerialization.swift */ = {isa = PBXFileReference; fileEncoding = 4; lastKnownFileType = sourcecode.swift; path = JSONSerialization.swift; sourceTree = "<group>"; };
		3B4B80711C46458A0047D6A7 /* JSONType.swift */ = {isa = PBXFileReference; fileEncoding = 4; lastKnownFileType = sourcecode.swift; path = JSONType.swift; sourceTree = "<group>"; };
		3B4B80721C46458A0047D6A7 /* CaesarParser.podspec.json */ = {isa = PBXFileReference; fileEncoding = 4; lastKnownFileType = text.json; path = CaesarParser.podspec.json; sourceTree = "<group>"; };
		3B4B80731C46458A0047D6A7 /* CaesarParser.xcodeproj */ = {isa = PBXFileReference; lastKnownFileType = "wrapper.pb-project"; path = CaesarParser.xcodeproj; sourceTree = "<group>"; };
		3B4B807A1C46458A0047D6A7 /* LICENSE */ = {isa = PBXFileReference; fileEncoding = 4; lastKnownFileType = text; path = LICENSE; sourceTree = "<group>"; };
		3B4B807B1C46458A0047D6A7 /* README.md */ = {isa = PBXFileReference; fileEncoding = 4; lastKnownFileType = net.daringfireball.markdown; path = README.md; sourceTree = "<group>"; };
/* End PBXFileReference section */

/* Begin PBXFrameworksBuildPhase section */
		3B4B80511C4645080047D6A7 /* Frameworks */ = {
			isa = PBXFrameworksBuildPhase;
			buildActionMask = 2147483647;
			files = (
			);
			runOnlyForDeploymentPostprocessing = 0;
		};
/* End PBXFrameworksBuildPhase section */

/* Begin PBXGroup section */
		3B4B804B1C4645080047D6A7 = {
			isa = PBXGroup;
			children = (
				3B4B80561C4645080047D6A7 /* ReadCaesarParseRecord */,
				3B4B80551C4645080047D6A7 /* Products */,
			);
			sourceTree = "<group>";
		};
		3B4B80551C4645080047D6A7 /* Products */ = {
			isa = PBXGroup;
			children = (
				3B4B80541C4645080047D6A7 /* ReadCaesarParseRecord.app */,
			);
			name = Products;
			sourceTree = "<group>";
		};
		3B4B80561C4645080047D6A7 /* ReadCaesarParseRecord */ = {
			isa = PBXGroup;
			children = (
				3B4B80691C4645320047D6A7 /* Vender */,
				3B4B80571C4645080047D6A7 /* AppDelegate.swift */,
				3B4B80591C4645080047D6A7 /* ViewController.swift */,
				3B4B805B1C4645080047D6A7 /* Main.storyboard */,
				3B4B805E1C4645080047D6A7 /* Assets.xcassets */,
				3B4B80601C4645080047D6A7 /* LaunchScreen.storyboard */,
				3B4B80631C4645080047D6A7 /* Info.plist */,
			);
			path = ReadCaesarParseRecord;
			sourceTree = "<group>";
		};
		3B4B80691C4645320047D6A7 /* Vender */ = {
			isa = PBXGroup;
			children = (
				3B4B806A1C46458A0047D6A7 /* CaesarParser */,
				3B4B80721C46458A0047D6A7 /* CaesarParser.podspec.json */,
				3B4B80731C46458A0047D6A7 /* CaesarParser.xcodeproj */,
				3B4B80761C46458A0047D6A7 /* CaesarParserTests */,
				3B4B807A1C46458A0047D6A7 /* LICENSE */,
				3B4B807B1C46458A0047D6A7 /* README.md */,
			);
			path = Vender;
			sourceTree = "<group>";
		};
		3B4B806A1C46458A0047D6A7 /* CaesarParser */ = {
			isa = PBXGroup;
			children = (
				3B4B806B1C46458A0047D6A7 /* CaesarParser.h */,
				3B4B806C1C46458A0047D6A7 /* Info.plist */,
				3B4B806D1C46458A0047D6A7 /* JSONConvertible.swift */,
				3B4B806E1C46458A0047D6A7 /* JSONDeserialization.swift */,
				3B4B806F1C46458A0047D6A7 /* JSONSerializable.swift */,
				3B4B80701C46458A0047D6A7 /* JSONSerialization.swift */,
				3B4B80711C46458A0047D6A7 /* JSONType.swift */,
			);
			path = CaesarParser;
			sourceTree = "<group>";
		};
		3B4B80741C46458A0047D6A7 /* Products */ = {
			isa = PBXGroup;
			children = (
				3B4B808B1C46458A0047D6A7 /* CaesarParser.framework */,
				3B4B808D1C46458A0047D6A7 /* CaesarParserTests.xctest */,
			);
			name = Products;
			sourceTree = "<group>";
		};
		3B4B80761C46458A0047D6A7 /* CaesarParserTests */ = {
			isa = PBXGroup;
			children = (
			);
			path = CaesarParserTests;
			sourceTree = "<group>";
		};
/* End PBXGroup section */

/* Begin PBXNativeTarget section */
		3B4B80531C4645080047D6A7 /* ReadCaesarParseRecord */ = {
			isa = PBXNativeTarget;
			buildConfigurationList = 3B4B80661C4645080047D6A7 /* Build configuration list for PBXNativeTarget "ReadCaesarParseRecord" */;
			buildPhases = (
				3B4B80501C4645080047D6A7 /* Sources */,
				3B4B80511C4645080047D6A7 /* Frameworks */,
				3B4B80521C4645080047D6A7 /* Resources */,
			);
			buildRules = (
			);
			dependencies = (
			);
			name = ReadCaesarParseRecord;
			productName = ReadCaesarParseRecord;
			productReference = 3B4B80541C4645080047D6A7 /* ReadCaesarParseRecord.app */;
			productType = "com.apple.product-type.application";
		};
/* End PBXNativeTarget section */

/* Begin PBXProject section */
		3B4B804C1C4645080047D6A7 /* Project object */ = {
			isa = PBXProject;
			attributes = {
				LastSwiftUpdateCheck = 0720;
				LastUpgradeCheck = 0720;
				ORGANIZATIONNAME = RobuSoft;
				TargetAttributes = {
					3B4B80531C4645080047D6A7 = {
						CreatedOnToolsVersion = 7.2;
					};
				};
			};
			buildConfigurationList = 3B4B804F1C4645080047D6A7 /* Build configuration list for PBXProject "ReadCaesarParseRecord" */;
			compatibilityVersion = "Xcode 3.2";
			developmentRegion = English;
			hasScannedForEncodings = 0;
			knownRegions = (
				en,
				Base,
			);
			mainGroup = 3B4B804B1C4645080047D6A7;
			productRefGroup = 3B4B80551C4645080047D6A7 /* Products */;
			projectDirPath = "";
			projectReferences = (
				{
					ProductGroup = 3B4B80741C46458A0047D6A7 /* Products */;
					ProjectRef = 3B4B80731C46458A0047D6A7 /* CaesarParser.xcodeproj */;
				},
			);
			projectRoot = "";
			targets = (
				3B4B80531C4645080047D6A7 /* ReadCaesarParseRecord */,
			);
		};
/* End PBXProject section */

/* Begin PBXReferenceProxy section */
		3B4B808B1C46458A0047D6A7 /* CaesarParser.framework */ = {
			isa = PBXReferenceProxy;
			fileType = wrapper.framework;
			path = CaesarParser.framework;
			remoteRef = 3B4B808A1C46458A0047D6A7 /* PBXContainerItemProxy */;
			sourceTree = BUILT_PRODUCTS_DIR;
		};
		3B4B808D1C46458A0047D6A7 /* CaesarParserTests.xctest */ = {
			isa = PBXReferenceProxy;
			fileType = wrapper.cfbundle;
			path = CaesarParserTests.xctest;
			remoteRef = 3B4B808C1C46458A0047D6A7 /* PBXContainerItemProxy */;
			sourceTree = BUILT_PRODUCTS_DIR;
		};
/* End PBXReferenceProxy section */

/* Begin PBXResourcesBuildPhase section */
		3B4B80521C4645080047D6A7 /* Resources */ = {
			isa = PBXResourcesBuildPhase;
			buildActionMask = 2147483647;
			files = (
				3B4B807C1C46458A0047D6A7 /* Info.plist in Resources */,
				3B4B80821C46458A0047D6A7 /* CaesarParser.podspec.json in Resources */,
				3B4B80861C46458A0047D6A7 /* LICENSE in Resources */,
				3B4B80621C4645080047D6A7 /* LaunchScreen.storyboard in Resources */,
				3B4B805F1C4645080047D6A7 /* Assets.xcassets in Resources */,
				3B4B805D1C4645080047D6A7 /* Main.storyboard in Resources */,
			);
			runOnlyForDeploymentPostprocessing = 0;
		};
/* End PBXResourcesBuildPhase section */

/* Begin PBXSourcesBuildPhase section */
		3B4B80501C4645080047D6A7 /* Sources */ = {
			isa = PBXSourcesBuildPhase;
			buildActionMask = 2147483647;
			files = (
				3B4B805A1C4645080047D6A7 /* ViewController.swift in Sources */,
				3B4B807E1C46458A0047D6A7 /* JSONDeserialization.swift in Sources */,
				3B4B80871C46458A0047D6A7 /* README.md in Sources */,
				3B4B807F1C46458A0047D6A7 /* JSONSerializable.swift in Sources */,
				3B4B807D1C46458A0047D6A7 /* JSONConvertible.swift in Sources */,
				3B4B80801C46458A0047D6A7 /* JSONSerialization.swift in Sources */,
				3B4B80811C46458A0047D6A7 /* JSONType.swift in Sources */,
				3B4B80581C4645080047D6A7 /* AppDelegate.swift in Sources */,
			);
			runOnlyForDeploymentPostprocessing = 0;
		};
/* End PBXSourcesBuildPhase section */

/* Begin PBXVariantGroup section */
		3B4B805B1C4645080047D6A7 /* Main.storyboard */ = {
			isa = PBXVariantGroup;
			children = (
				3B4B805C1C4645080047D6A7 /* Base */,
			);
			name = Main.storyboard;
			sourceTree = "<group>";
		};
		3B4B80601C4645080047D6A7 /* LaunchScreen.storyboard */ = {
			isa = PBXVariantGroup;
			children = (
				3B4B80611C4645080047D6A7 /* Base */,
			);
			name = LaunchScreen.storyboard;
			sourceTree = "<group>";
		};
/* End PBXVariantGroup section */

/* Begin XCBuildConfiguration section */
		3B4B80641C4645080047D6A7 /* Debug */ = {
			isa = XCBuildConfiguration;
			buildSettings = {
				ALWAYS_SEARCH_USER_PATHS = NO;
				CLANG_CXX_LANGUAGE_STANDARD = "gnu++0x";
				CLANG_CXX_LIBRARY = "libc++";
				CLANG_ENABLE_MODULES = YES;
				CLANG_ENABLE_OBJC_ARC = YES;
				CLANG_WARN_BOOL_CONVERSION = YES;
				CLANG_WARN_CONSTANT_CONVERSION = YES;
				CLANG_WARN_DIRECT_OBJC_ISA_USAGE = YES_ERROR;
				CLANG_WARN_EMPTY_BODY = YES;
				CLANG_WARN_ENUM_CONVERSION = YES;
				CLANG_WARN_INT_CONVERSION = YES;
				CLANG_WARN_OBJC_ROOT_CLASS = YES_ERROR;
				CLANG_WARN_UNREACHABLE_CODE = YES;
				CLANG_WARN__DUPLICATE_METHOD_MATCH = YES;
				"CODE_SIGN_IDENTITY[sdk=iphoneos*]" = "iPhone Developer";
				COPY_PHASE_STRIP = NO;
				DEBUG_INFORMATION_FORMAT = dwarf;
				ENABLE_STRICT_OBJC_MSGSEND = YES;
				ENABLE_TESTABILITY = YES;
				GCC_C_LANGUAGE_STANDARD = gnu99;
				GCC_DYNAMIC_NO_PIC = NO;
				GCC_NO_COMMON_BLOCKS = YES;
				GCC_OPTIMIZATION_LEVEL = 0;
				GCC_PREPROCESSOR_DEFINITIONS = (
					"DEBUG=1",
					"$(inherited)",
				);
				GCC_WARN_64_TO_32_BIT_CONVERSION = YES;
				GCC_WARN_ABOUT_RETURN_TYPE = YES_ERROR;
				GCC_WARN_UNDECLARED_SELECTOR = YES;
				GCC_WARN_UNINITIALIZED_AUTOS = YES_AGGRESSIVE;
				GCC_WARN_UNUSED_FUNCTION = YES;
				GCC_WARN_UNUSED_VARIABLE = YES;
				IPHONEOS_DEPLOYMENT_TARGET = 9.2;
				MTL_ENABLE_DEBUG_INFO = YES;
				ONLY_ACTIVE_ARCH = YES;
				SDKROOT = iphoneos;
				SWIFT_OPTIMIZATION_LEVEL = "-Onone";
			};
			name = Debug;
		};
		3B4B80651C4645080047D6A7 /* Release */ = {
			isa = XCBuildConfiguration;
			buildSettings = {
				ALWAYS_SEARCH_USER_PATHS = NO;
				CLANG_CXX_LANGUAGE_STANDARD = "gnu++0x";
				CLANG_CXX_LIBRARY = "libc++";
				CLANG_ENABLE_MODULES = YES;
				CLANG_ENABLE_OBJC_ARC = YES;
				CLANG_WARN_BOOL_CONVERSION = YES;
				CLANG_WARN_CONSTANT_CONVERSION = YES;
				CLANG_WARN_DIRECT_OBJC_ISA_USAGE = YES_ERROR;
				CLANG_WARN_EMPTY_BODY = YES;
				CLANG_WARN_ENUM_CONVERSION = YES;
				CLANG_WARN_INT_CONVERSION = YES;
				CLANG_WARN_OBJC_ROOT_CLASS = YES_ERROR;
				CLANG_WARN_UNREACHABLE_CODE = YES;
				CLANG_WARN__DUPLICATE_METHOD_MATCH = YES;
				"CODE_SIGN_IDENTITY[sdk=iphoneos*]" = "iPhone Developer";
				COPY_PHASE_STRIP = NO;
				DEBUG_INFORMATION_FORMAT = "dwarf-with-dsym";
				ENABLE_NS_ASSERTIONS = NO;
				ENABLE_STRICT_OBJC_MSGSEND = YES;
				GCC_C_LANGUAGE_STANDARD = gnu99;
				GCC_NO_COMMON_BLOCKS = YES;
				GCC_WARN_64_TO_32_BIT_CONVERSION = YES;
				GCC_WARN_ABOUT_RETURN_TYPE = YES_ERROR;
				GCC_WARN_UNDECLARED_SELECTOR = YES;
				GCC_WARN_UNINITIALIZED_AUTOS = YES_AGGRESSIVE;
				GCC_WARN_UNUSED_FUNCTION = YES;
				GCC_WARN_UNUSED_VARIABLE = YES;
				IPHONEOS_DEPLOYMENT_TARGET = 9.2;
				MTL_ENABLE_DEBUG_INFO = NO;
				SDKROOT = iphoneos;
				VALIDATE_PRODUCT = YES;
			};
			name = Release;
		};
		3B4B80671C4645080047D6A7 /* Debug */ = {
			isa = XCBuildConfiguration;
			buildSettings = {
				ASSETCATALOG_COMPILER_APPICON_NAME = AppIcon;
				INFOPLIST_FILE = ReadCaesarParseRecord/Info.plist;
				LD_RUNPATH_SEARCH_PATHS = "$(inherited) @executable_path/Frameworks";
				PRODUCT_BUNDLE_IDENTIFIER = cn.com.robusoft.ReadCaesarParseRecord;
				PRODUCT_NAME = "$(TARGET_NAME)";
			};
			name = Debug;
		};
		3B4B80681C4645080047D6A7 /* Release */ = {
			isa = XCBuildConfiguration;
			buildSettings = {
				ASSETCATALOG_COMPILER_APPICON_NAME = AppIcon;
				INFOPLIST_FILE = ReadCaesarParseRecord/Info.plist;
				LD_RUNPATH_SEARCH_PATHS = "$(inherited) @executable_path/Frameworks";
				PRODUCT_BUNDLE_IDENTIFIER = cn.com.robusoft.ReadCaesarParseRecord;
				PRODUCT_NAME = "$(TARGET_NAME)";
			};
			name = Release;
		};
/* End XCBuildConfiguration section */

/* Begin XCConfigurationList section */
		3B4B804F1C4645080047D6A7 /* Build configuration list for PBXProject "ReadCaesarParseRecord" */ = {
			isa = XCConfigurationList;
			buildConfigurations = (
				3B4B80641C4645080047D6A7 /* Debug */,
				3B4B80651C4645080047D6A7 /* Release */,
			);
			defaultConfigurationIsVisible = 0;
			defaultConfigurationName = Release;
		};
		3B4B80661C4645080047D6A7 /* Build configuration list for PBXNativeTarget "ReadCaesarParseRecord" */ = {
			isa = XCConfigurationList;
			buildConfigurations = (
				3B4B80671C4645080047D6A7 /* Debug */,
				3B4B80681C4645080047D6A7 /* Release */,
			);
			defaultConfigurationIsVisible = 0;
			defaultConfigurationName = Release;
		};
/* End XCConfigurationList section */
	};
	rootObject = 3B4B804C1C4645080047D6A7 /* Project object */;
}
